
Microsoft Visual Studio Solution File, Format Version 12.00
# Visual Studio Version 17
VisualStudioVersion = 17.9.34902.65
MinimumVisualStudioVersion = 10.0.40219.1
Project("{9A19103F-16F7-4668-BE54-9A1E7A4F7556}") = "BarberShop", "BarberShop.csproj", "{FE7A9FB9-1220-4D7E-B292-9DD0DE50F839}"
EndProject
Global
	GlobalSection(SolutionConfigurationPlatforms) = preSolution
		Debug|Any CPU = Debug|Any CPU
		Release|Any CPU = Release|Any CPU
	EndGlobalSection
	GlobalSection(ProjectConfigurationPlatforms) = postSolution
		{FE7A9FB9-1220-4D7E-B292-9DD0DE50F839}.Debug|Any CPU.ActiveCfg = Debug|Any CPU
		{FE7A9FB9-1220-4D7E-B292-9DD0DE50F839}.Debug|Any CPU.Build.0 = Debug|Any CPU
		{FE7A9FB9-1220-4D7E-B292-9DD0DE50F839}.Release|Any CPU.ActiveCfg = Release|Any CPU
		{FE7A9FB9-1220-4D7E-B292-9DD0DE50F839}.Release|Any CPU.Build.0 = Release|Any CPU
	EndGlobalSection
	GlobalSection(SolutionProperties) = preSolution
		HideSolutionNode = FALSE
	EndGlobalSection
	GlobalSection(ExtensibilityGlobals) = postSolution
		SolutionGuid = {18F82402-F697-4F8E-81AA-D5425EC0A65E}
	EndGlobalSection
EndGlobal
