
Microsoft Visual Studio Solution File, Format Version 12.00
# Visual Studio Version 17
VisualStudioVersion = 17.9.34902.65
MinimumVisualStudioVersion = 10.0.40219.1
Project("{FAE04EC0-301F-11D3-BF4B-00C04F79EFBC}") = "HW5 Garbage collector", "HW5 Garbage collector.csproj", "{07AFE0A7-85A1-4428-9AA4-C36F55132655}"
EndProject
Global
	GlobalSection(SolutionConfigurationPlatforms) = preSolution
		Debug|Any CPU = Debug|Any CPU
		Release|Any CPU = Release|Any CPU
	EndGlobalSection
	GlobalSection(ProjectConfigurationPlatforms) = postSolution
		{07AFE0A7-85A1-4428-9AA4-C36F55132655}.Debug|Any CPU.ActiveCfg = Debug|Any CPU
		{07AFE0A7-85A1-4428-9AA4-C36F55132655}.Debug|Any CPU.Build.0 = Debug|Any CPU
		{07AFE0A7-85A1-4428-9AA4-C36F55132655}.Release|Any CPU.ActiveCfg = Release|Any CPU
		{07AFE0A7-85A1-4428-9AA4-C36F55132655}.Release|Any CPU.Build.0 = Release|Any CPU
	EndGlobalSection
	GlobalSection(SolutionProperties) = preSolution
		HideSolutionNode = FALSE
	EndGlobalSection
	GlobalSection(ExtensibilityGlobals) = postSolution
		SolutionGuid = {B3836BB4-90AE-4A3D-AA85-C5658CC718B3}
	EndGlobalSection
EndGlobal
